
Microsoft Visual Studio Solution File, Format Version 12.00
# Visual Studio Version 17
VisualStudioVersion = 17.9.34902.65
MinimumVisualStudioVersion = 10.0.40219.1
Project("{FAE04EC0-301F-11D3-BF4B-00C04F79EFBC}") = "SImulace_Lukac", "SImulace_Lukac\SImulace_Lukac.csproj", "{3B6784F2-4A15-46BA-B16A-DF0D63A3E648}"
EndProject
Project("{FAE04EC0-301F-11D3-BF4B-00C04F79EFBC}") = "Knihovna_Lukac", "Knihovna_Lukac\Knihovna_Lukac.csproj", "{8A33A340-05BC-405B-B401-B8CCBFFD4D2A}"
EndProject
Global
	GlobalSection(SolutionConfigurationPlatforms) = preSolution
		Debug|Any CPU = Debug|Any CPU
		Release|Any CPU = Release|Any CPU
	EndGlobalSection
	GlobalSection(ProjectConfigurationPlatforms) = postSolution
		{3B6784F2-4A15-46BA-B16A-DF0D63A3E648}.Debug|Any CPU.ActiveCfg = Debug|Any CPU
		{3B6784F2-4A15-46BA-B16A-DF0D63A3E648}.Debug|Any CPU.Build.0 = Debug|Any CPU
		{3B6784F2-4A15-46BA-B16A-DF0D63A3E648}.Release|Any CPU.ActiveCfg = Release|Any CPU
		{3B6784F2-4A15-46BA-B16A-DF0D63A3E648}.Release|Any CPU.Build.0 = Release|Any CPU
		{8A33A340-05BC-405B-B401-B8CCBFFD4D2A}.Debug|Any CPU.ActiveCfg = Debug|Any CPU
		{8A33A340-05BC-405B-B401-B8CCBFFD4D2A}.Debug|Any CPU.Build.0 = Debug|Any CPU
		{8A33A340-05BC-405B-B401-B8CCBFFD4D2A}.Release|Any CPU.ActiveCfg = Release|Any CPU
		{8A33A340-05BC-405B-B401-B8CCBFFD4D2A}.Release|Any CPU.Build.0 = Release|Any CPU
	EndGlobalSection
	GlobalSection(SolutionProperties) = preSolution
		HideSolutionNode = FALSE
	EndGlobalSection
	GlobalSection(ExtensibilityGlobals) = postSolution
		SolutionGuid = {A05A6614-2913-4740-B1FA-06997D9C77F2}
	EndGlobalSection
EndGlobal
